{
    "name": "usdi-core",
    "version": "1.0.0",
    "lockfileVersion": 1,
    "requires": true,
    "dependencies": {
        "@nomicfoundation/hardhat-toolbox": {
            "version": "1.0.2",
            "resolved": "https://registry.npmjs.org/@nomicfoundation/hardhat-toolbox/-/hardhat-toolbox-1.0.2.tgz",
            "integrity": "sha512-8CEgWSKUK2aMit+76Sez8n7UB0Ze1lwT+LcWxj4EFP30lQWOwOws048t6MTPfThH0BlSWjC6hJRr0LncIkc1Sw==",
            "dev": true
        }
    }
}
